
Microsoft Visual Studio Solution File, Format Version 12.00
# Visual Studio Version 16
VisualStudioVersion = 16.0.29424.173
MinimumVisualStudioVersion = 10.0.40219.1
Project("{FAE04EC0-301F-11D3-BF4B-00C04F79EFBC}") = "HW12", "HW12\HW12.csproj", "{34D39B8F-6FD1-448B-8CA9-3581656A9B48}"
EndProject
Global
	GlobalSection(SolutionConfigurationPlatforms) = preSolution
		Debug|Any CPU = Debug|Any CPU
		Release|Any CPU = Release|Any CPU
	EndGlobalSection
	GlobalSection(ProjectConfigurationPlatforms) = postSolution
		{34D39B8F-6FD1-448B-8CA9-3581656A9B48}.Debug|Any CPU.ActiveCfg = Debug|Any CPU
		{34D39B8F-6FD1-448B-8CA9-3581656A9B48}.Debug|Any CPU.Build.0 = Debug|Any CPU
		{34D39B8F-6FD1-448B-8CA9-3581656A9B48}.Release|Any CPU.ActiveCfg = Release|Any CPU
		{34D39B8F-6FD1-448B-8CA9-3581656A9B48}.Release|Any CPU.Build.0 = Release|Any CPU
	EndGlobalSection
	GlobalSection(SolutionProperties) = preSolution
		HideSolutionNode = FALSE
	EndGlobalSection
	GlobalSection(ExtensibilityGlobals) = postSolution
		SolutionGuid = {5F962667-C033-4003-8410-5B9302D47717}
	EndGlobalSection
EndGlobal
