
Microsoft Visual Studio Solution File, Format Version 12.00
# Visual Studio Version 16
VisualStudioVersion = 16.0.29306.81
MinimumVisualStudioVersion = 10.0.40219.1
Project("{FAE04EC0-301F-11D3-BF4B-00C04F79EFBC}") = "CalculatorDifficult", "CalculatorDifficult\CalculatorDifficult.csproj", "{AF7A5464-AD97-451F-948C-75A190AE586D}"
EndProject
Global
	GlobalSection(SolutionConfigurationPlatforms) = preSolution
		Debug|Any CPU = Debug|Any CPU
		Release|Any CPU = Release|Any CPU
	EndGlobalSection
	GlobalSection(ProjectConfigurationPlatforms) = postSolution
		{AF7A5464-AD97-451F-948C-75A190AE586D}.Debug|Any CPU.ActiveCfg = Debug|Any CPU
		{AF7A5464-AD97-451F-948C-75A190AE586D}.Debug|Any CPU.Build.0 = Debug|Any CPU
		{AF7A5464-AD97-451F-948C-75A190AE586D}.Release|Any CPU.ActiveCfg = Release|Any CPU
		{AF7A5464-AD97-451F-948C-75A190AE586D}.Release|Any CPU.Build.0 = Release|Any CPU
	EndGlobalSection
	GlobalSection(SolutionProperties) = preSolution
		HideSolutionNode = FALSE
	EndGlobalSection
	GlobalSection(ExtensibilityGlobals) = postSolution
		SolutionGuid = {5FD72E94-88B4-4229-9A48-847A69E48F17}
	EndGlobalSection
EndGlobal
