
Microsoft Visual Studio Solution File, Format Version 12.00
# Visual Studio Version 16
VisualStudioVersion = 16.0.29306.81
MinimumVisualStudioVersion = 10.0.40219.1
Project("{FAE04EC0-301F-11D3-BF4B-00C04F79EFBC}") = "Figures", "Figures\Figures.csproj", "{0564FD4D-A74E-4A0A-B084-576AD1C3A163}"
EndProject
Global
	GlobalSection(SolutionConfigurationPlatforms) = preSolution
		Debug|Any CPU = Debug|Any CPU
		Release|Any CPU = Release|Any CPU
	EndGlobalSection
	GlobalSection(ProjectConfigurationPlatforms) = postSolution
		{0564FD4D-A74E-4A0A-B084-576AD1C3A163}.Debug|Any CPU.ActiveCfg = Debug|Any CPU
		{0564FD4D-A74E-4A0A-B084-576AD1C3A163}.Debug|Any CPU.Build.0 = Debug|Any CPU
		{0564FD4D-A74E-4A0A-B084-576AD1C3A163}.Release|Any CPU.ActiveCfg = Release|Any CPU
		{0564FD4D-A74E-4A0A-B084-576AD1C3A163}.Release|Any CPU.Build.0 = Release|Any CPU
	EndGlobalSection
	GlobalSection(SolutionProperties) = preSolution
		HideSolutionNode = FALSE
	EndGlobalSection
	GlobalSection(ExtensibilityGlobals) = postSolution
		SolutionGuid = {51302D12-D13F-4102-A89F-EF69DE7AC85A}
	EndGlobalSection
EndGlobal
