
Microsoft Visual Studio Solution File, Format Version 12.00
# Visual Studio Version 16
VisualStudioVersion = 16.0.29306.81
MinimumVisualStudioVersion = 10.0.40219.1
Project("{FAE04EC0-301F-11D3-BF4B-00C04F79EFBC}") = "Stack", "Stack\Stack.csproj", "{A390CB48-3422-4642-A817-3AACA47EEDD8}"
EndProject
Global
	GlobalSection(SolutionConfigurationPlatforms) = preSolution
		Debug|Any CPU = Debug|Any CPU
		Release|Any CPU = Release|Any CPU
	EndGlobalSection
	GlobalSection(ProjectConfigurationPlatforms) = postSolution
		{A390CB48-3422-4642-A817-3AACA47EEDD8}.Debug|Any CPU.ActiveCfg = Debug|Any CPU
		{A390CB48-3422-4642-A817-3AACA47EEDD8}.Debug|Any CPU.Build.0 = Debug|Any CPU
		{A390CB48-3422-4642-A817-3AACA47EEDD8}.Release|Any CPU.ActiveCfg = Release|Any CPU
		{A390CB48-3422-4642-A817-3AACA47EEDD8}.Release|Any CPU.Build.0 = Release|Any CPU
	EndGlobalSection
	GlobalSection(SolutionProperties) = preSolution
		HideSolutionNode = FALSE
	EndGlobalSection
	GlobalSection(ExtensibilityGlobals) = postSolution
		SolutionGuid = {9182E207-5E77-46D4-9716-891A6E785BF5}
	EndGlobalSection
EndGlobal
